// !$*UTF8*$!
{
	archiveVersion = 1;
	classes = {
	};
	objectVersion = 51;
	objects = {

/* Begin PBXBuildFile section */
		04B19584242E375700C2965A /* AppDelegate.swift in Sources */ = {isa = PBXBuildFile; fileRef = 04B19583242E375700C2965A /* AppDelegate.swift */; };
		04B19586242E375700C2965A /* SceneDelegate.swift in Sources */ = {isa = PBXBuildFile; fileRef = 04B19585242E375700C2965A /* SceneDelegate.swift */; };
		04B19588242E375700C2965A /* ViewController.swift in Sources */ = {isa = PBXBuildFile; fileRef = 04B19587242E375700C2965A /* ViewController.swift */; };
		04B1958B242E375700C2965A /* Main.storyboard in Resources */ = {isa = PBXBuildFile; fileRef = 04B19589242E375700C2965A /* Main.storyboard */; };
		04B1958E242E375700C2965A /* Collection_View___Git_Hub.xcdatamodeld in Sources */ = {isa = PBXBuildFile; fileRef = 04B1958C242E375700C2965A /* Collection_View___Git_Hub.xcdatamodeld */; };
		04B19590242E375800C2965A /* Assets.xcassets in Resources */ = {isa = PBXBuildFile; fileRef = 04B1958F242E375800C2965A /* Assets.xcassets */; };
		04B19593242E375800C2965A /* LaunchScreen.storyboard in Resources */ = {isa = PBXBuildFile; fileRef = 04B19591242E375800C2965A /* LaunchScreen.storyboard */; };
		04B1959B242E520B00C2965A /* PhotoCell.swift in Sources */ = {isa = PBXBuildFile; fileRef = 04B1959A242E520B00C2965A /* PhotoCell.swift */; };
		04B1959D242E6DAF00C2965A /* Pintrest.swift in Sources */ = {isa = PBXBuildFile; fileRef = 04B1959C242E6DAF00C2965A /* Pintrest.swift */; };
		F21289A6456AC1F58BC42278 /* Pods_Collection_View___Git_Hub.framework in Frameworks */ = {isa = PBXBuildFile; fileRef = 68E7E8742A12D8911A4739ED /* Pods_Collection_View___Git_Hub.framework */; };
		FA88DE102433C11C0083F3A3 /* PhotosDetails.swift in Sources */ = {isa = PBXBuildFile; fileRef = FA88DE0F2433C11C0083F3A3 /* PhotosDetails.swift */; };
/* End PBXBuildFile section */

/* Begin PBXFileReference section */
		04B19580242E375700C2965A /* Collection View - Git_Hub.app */ = {isa = PBXFileReference; explicitFileType = wrapper.application; includeInIndex = 0; path = "Collection View - Git_Hub.app"; sourceTree = BUILT_PRODUCTS_DIR; };
		04B19583242E375700C2965A /* AppDelegate.swift */ = {isa = PBXFileReference; lastKnownFileType = sourcecode.swift; path = AppDelegate.swift; sourceTree = "<group>"; };
		04B19585242E375700C2965A /* SceneDelegate.swift */ = {isa = PBXFileReference; lastKnownFileType = sourcecode.swift; path = SceneDelegate.swift; sourceTree = "<group>"; };
		04B19587242E375700C2965A /* ViewController.swift */ = {isa = PBXFileReference; lastKnownFileType = sourcecode.swift; path = ViewController.swift; sourceTree = "<group>"; };
		04B1958A242E375700C2965A /* Base */ = {isa = PBXFileReference; lastKnownFileType = file.storyboard; name = Base; path = Base.lproj/Main.storyboard; sourceTree = "<group>"; };
		04B1958D242E375700C2965A /* Collection_View___Git_Hub.xcdatamodel */ = {isa = PBXFileReference; lastKnownFileType = wrapper.xcdatamodel; path = "Collection_View___Git_Hub.xcdatamodel"; sourceTree = "<group>"; };
		04B1958F242E375800C2965A /* Assets.xcassets */ = {isa = PBXFileReference; lastKnownFileType = folder.assetcatalog; path = Assets.xcassets; sourceTree = "<group>"; };
		04B19592242E375800C2965A /* Base */ = {isa = PBXFileReference; lastKnownFileType = file.storyboard; name = Base; path = Base.lproj/LaunchScreen.storyboard; sourceTree = "<group>"; };
		04B19594242E375800C2965A /* Info.plist */ = {isa = PBXFileReference; lastKnownFileType = text.plist.xml; path = Info.plist; sourceTree = "<group>"; };
		04B1959A242E520B00C2965A /* PhotoCell.swift */ = {isa = PBXFileReference; lastKnownFileType = sourcecode.swift; path = PhotoCell.swift; sourceTree = "<group>"; };
		04B1959C242E6DAF00C2965A /* Pintrest.swift */ = {isa = PBXFileReference; lastKnownFileType = sourcecode.swift; path = Pintrest.swift; sourceTree = "<group>"; };
		4F02EE98386E2BA94D5C4556 /* Pods-Collection View - Git_Hub.release.xcconfig */ = {isa = PBXFileReference; includeInIndex = 1; lastKnownFileType = text.xcconfig; name = "Pods-Collection View - Git_Hub.release.xcconfig"; path = "Target Support Files/Pods-Collection View - Git_Hub/Pods-Collection View - Git_Hub.release.xcconfig"; sourceTree = "<group>"; };
		5BB038630A07C71B046ED471 /* Pods-Collection View - Git_Hub.debug.xcconfig */ = {isa = PBXFileReference; includeInIndex = 1; lastKnownFileType = text.xcconfig; name = "Pods-Collection View - Git_Hub.debug.xcconfig"; path = "Target Support Files/Pods-Collection View - Git_Hub/Pods-Collection View - Git_Hub.debug.xcconfig"; sourceTree = "<group>"; };
		68E7E8742A12D8911A4739ED /* Pods_Collection_View___Git_Hub.framework */ = {isa = PBXFileReference; explicitFileType = wrapper.framework; includeInIndex = 0; path = "Pods_Collection_View___Git_Hub.framework"; sourceTree = BUILT_PRODUCTS_DIR; };
		FA88DE0F2433C11C0083F3A3 /* PhotosDetails.swift */ = {isa = PBXFileReference; lastKnownFileType = sourcecode.swift; path = PhotosDetails.swift; sourceTree = "<group>"; };
/* End PBXFileReference section */

/* Begin PBXFrameworksBuildPhase section */
		04B1957D242E375700C2965A /* Frameworks */ = {
			isa = PBXFrameworksBuildPhase;
			buildActionMask = 2147483647;
			files = (
				F21289A6456AC1F58BC42278 /* Pods_Collection_View___Git_Hub.framework in Frameworks */,
			);
			runOnlyForDeploymentPostprocessing = 0;
		};
/* End PBXFrameworksBuildPhase section */

/* Begin PBXGroup section */
		04B19577242E375600C2965A = {
			isa = PBXGroup;
			children = (
				04B19582242E375700C2965A /* Collection View - Git_Hub */,
				04B19581242E375700C2965A /* Products */,
				CEB1646C21D26DE6DBD07B06 /* Pods */,
				0C7509399A7D1A98EC959D41 /* Frameworks */,
			);
			sourceTree = "<group>";
		};
		04B19581242E375700C2965A /* Products */ = {
			isa = PBXGroup;
			children = (
				04B19580242E375700C2965A /* Collection View - Git_Hub.app */,
			);
			name = Products;
			sourceTree = "<group>";
		};
		04B19582242E375700C2965A /* Collection View - Git_Hub */ = {
			isa = PBXGroup;
			children = (
				04B19583242E375700C2965A /* AppDelegate.swift */,
				04B19585242E375700C2965A /* SceneDelegate.swift */,
				04B19587242E375700C2965A /* ViewController.swift */,
				04B19589242E375700C2965A /* Main.storyboard */,
				04B1958F242E375800C2965A /* Assets.xcassets */,
				04B19591242E375800C2965A /* LaunchScreen.storyboard */,
				04B19594242E375800C2965A /* Info.plist */,
				04B1958C242E375700C2965A /* Collection_View___Git_Hub.xcdatamodeld */,
				04B1959A242E520B00C2965A /* PhotoCell.swift */,
				04B1959C242E6DAF00C2965A /* Pintrest.swift */,
				FA88DE0F2433C11C0083F3A3 /* PhotosDetails.swift */,
			);
			path = "Collection View - Git_Hub";
			sourceTree = "<group>";
		};
		0C7509399A7D1A98EC959D41 /* Frameworks */ = {
			isa = PBXGroup;
			children = (
				68E7E8742A12D8911A4739ED /* Pods_Collection_View___Git_Hub.framework */,
			);
			name = Frameworks;
			sourceTree = "<group>";
		};
		CEB1646C21D26DE6DBD07B06 /* Pods */ = {
			isa = PBXGroup;
			children = (
				5BB038630A07C71B046ED471 /* Pods-Collection View - Git_Hub.debug.xcconfig */,
				4F02EE98386E2BA94D5C4556 /* Pods-Collection View - Git_Hub.release.xcconfig */,
			);
			path = Pods;
			sourceTree = "<group>";
		};
/* End PBXGroup section */

/* Begin PBXNativeTarget section */
		04B1957F242E375700C2965A /* Collection View - Git_Hub */ = {
			isa = PBXNativeTarget;
			buildConfigurationList = 04B19597242E375800C2965A /* Build configuration list for PBXNativeTarget "Collection View - Git_Hub" */;
			buildPhases = (
				5BECDBE139432DACC0B92372 /* [CP] Check Pods Manifest.lock */,
				04B1957C242E375700C2965A /* Sources */,
				04B1957D242E375700C2965A /* Frameworks */,
				04B1957E242E375700C2965A /* Resources */,
				A19A7C9D192F5A327DBCC561 /* [CP] Embed Pods Frameworks */,
			);
			buildRules = (
			);
			dependencies = (
			);
			name = "Collection View - Git_Hub";
			productName = "Collection View - Git_Hub";
			productReference = 04B19580242E375700C2965A /* Collection View - Git_Hub.app */;
			productType = "com.apple.product-type.application";
		};
/* End PBXNativeTarget section */

/* Begin PBXProject section */
		04B19578242E375600C2965A /* Project object */ = {
			isa = PBXProject;
			attributes = {
				LastSwiftUpdateCheck = 1140;
				LastUpgradeCheck = 1140;
				ORGANIZATIONNAME = DND;
				TargetAttributes = {
					04B1957F242E375700C2965A = {
						CreatedOnToolsVersion = 11.4;
					};
				};
			};
			buildConfigurationList = 04B1957B242E375600C2965A /* Build configuration list for PBXProject "Collection View - Git_Hub" */;
			compatibilityVersion = "Xcode 9.3";
			developmentRegion = en;
			hasScannedForEncodings = 0;
			knownRegions = (
				en,
				Base,
			);
			mainGroup = 04B19577242E375600C2965A;
			productRefGroup = 04B19581242E375700C2965A /* Products */;
			projectDirPath = "";
			projectRoot = "";
			targets = (
				04B1957F242E375700C2965A /* Collection View - Git_Hub */,
			);
		};
/* End PBXProject section */

/* Begin PBXResourcesBuildPhase section */
		04B1957E242E375700C2965A /* Resources */ = {
			isa = PBXResourcesBuildPhase;
			buildActionMask = 2147483647;
			files = (
				04B19593242E375800C2965A /* LaunchScreen.storyboard in Resources */,
				04B19590242E375800C2965A /* Assets.xcassets in Resources */,
				04B1958B242E375700C2965A /* Main.storyboard in Resources */,
			);
			runOnlyForDeploymentPostprocessing = 0;
		};
/* End PBXResourcesBuildPhase section */

/* Begin PBXShellScriptBuildPhase section */
		5BECDBE139432DACC0B92372 /* [CP] Check Pods Manifest.lock */ = {
			isa = PBXShellScriptBuildPhase;
			buildActionMask = 2147483647;
			files = (
			);
			inputFileListPaths = (
			);
			inputPaths = (
				"${PODS_PODFILE_DIR_PATH}/Podfile.lock",
				"${PODS_ROOT}/Manifest.lock",
			);
			name = "[CP] Check Pods Manifest.lock";
			outputFileListPaths = (
			);
			outputPaths = (
				"$(DERIVED_FILE_DIR)/Pods-Collection View - Git_Hub-checkManifestLockResult.txt",
			);
			runOnlyForDeploymentPostprocessing = 0;
			shellPath = /bin/sh;
			shellScript = "diff \"${PODS_PODFILE_DIR_PATH}/Podfile.lock\" \"${PODS_ROOT}/Manifest.lock\" > /dev/null\nif [ $? != 0 ] ; then\n    # print error to STDERR\n    echo \"error: The sandbox is not in sync with the Podfile.lock. Run 'pod install' or update your CocoaPods installation.\" >&2\n    exit 1\nfi\n# This output is used by Xcode 'outputs' to avoid re-running this script phase.\necho \"SUCCESS\" > \"${SCRIPT_OUTPUT_FILE_0}\"\n";
			showEnvVarsInLog = 0;
		};
		A19A7C9D192F5A327DBCC561 /* [CP] Embed Pods Frameworks */ = {
			isa = PBXShellScriptBuildPhase;
			buildActionMask = 2147483647;
			files = (
			);
			inputFileListPaths = (
				"${PODS_ROOT}/Target Support Files/Pods-Collection View - Git_Hub/Pods-Collection View - Git_Hub-frameworks-${CONFIGURATION}-input-files.xcfilelist",
			);
			name = "[CP] Embed Pods Frameworks";
			outputFileListPaths = (
				"${PODS_ROOT}/Target Support Files/Pods-Collection View - Git_Hub/Pods-Collection View - Git_Hub-frameworks-${CONFIGURATION}-output-files.xcfilelist",
			);
			runOnlyForDeploymentPostprocessing = 0;
			shellPath = /bin/sh;
			shellScript = "\"${PODS_ROOT}/Target Support Files/Pods-Collection View - Git_Hub/Pods-Collection View - Git_Hub-frameworks.sh\"\n";
			showEnvVarsInLog = 0;
		};
/* End PBXShellScriptBuildPhase section */

/* Begin PBXSourcesBuildPhase section */
		04B1957C242E375700C2965A /* Sources */ = {
			isa = PBXSourcesBuildPhase;
			buildActionMask = 2147483647;
			files = (
				FA88DE102433C11C0083F3A3 /* PhotosDetails.swift in Sources */,
				04B19588242E375700C2965A /* ViewController.swift in Sources */,
				04B1959B242E520B00C2965A /* PhotoCell.swift in Sources */,
				04B19584242E375700C2965A /* AppDelegate.swift in Sources */,
				04B19586242E375700C2965A /* SceneDelegate.swift in Sources */,
				04B1959D242E6DAF00C2965A /* Pintrest.swift in Sources */,
				04B1958E242E375700C2965A /* Collection_View___Git_Hub.xcdatamodeld in Sources */,
			);
			runOnlyForDeploymentPostprocessing = 0;
		};
/* End PBXSourcesBuildPhase section */

/* Begin PBXVariantGroup section */
		04B19589242E375700C2965A /* Main.storyboard */ = {
			isa = PBXVariantGroup;
			children = (
				04B1958A242E375700C2965A /* Base */,
			);
			name = Main.storyboard;
			sourceTree = "<group>";
		};
		04B19591242E375800C2965A /* LaunchScreen.storyboard */ = {
			isa = PBXVariantGroup;
			children = (
				04B19592242E375800C2965A /* Base */,
			);
			name = LaunchScreen.storyboard;
			sourceTree = "<group>";
		};
/* End PBXVariantGroup section */

/* Begin XCBuildConfiguration section */
		04B19595242E375800C2965A /* Debug */ = {
			isa = XCBuildConfiguration;
			buildSettings = {
				ALWAYS_SEARCH_USER_PATHS = NO;
				CLANG_ANALYZER_NONNULL = YES;
				CLANG_ANALYZER_NUMBER_OBJECT_CONVERSION = YES_AGGRESSIVE;
				CLANG_CXX_LANGUAGE_STANDARD = "gnu++14";
				CLANG_CXX_LIBRARY = "libc++";
				CLANG_ENABLE_MODULES = YES;
				CLANG_ENABLE_OBJC_ARC = YES;
				CLANG_ENABLE_OBJC_WEAK = YES;
				CLANG_WARN_BLOCK_CAPTURE_AUTORELEASING = YES;
				CLANG_WARN_BOOL_CONVERSION = YES;
				CLANG_WARN_COMMA = YES;
				CLANG_WARN_CONSTANT_CONVERSION = YES;
				CLANG_WARN_DEPRECATED_OBJC_IMPLEMENTATIONS = YES;
				CLANG_WARN_DIRECT_OBJC_ISA_USAGE = YES_ERROR;
				CLANG_WARN_DOCUMENTATION_COMMENTS = YES;
				CLANG_WARN_EMPTY_BODY = YES;
				CLANG_WARN_ENUM_CONVERSION = YES;
				CLANG_WARN_INFINITE_RECURSION = YES;
				CLANG_WARN_INT_CONVERSION = YES;
				CLANG_WARN_NON_LITERAL_NULL_CONVERSION = YES;
				CLANG_WARN_OBJC_IMPLICIT_RETAIN_SELF = YES;
				CLANG_WARN_OBJC_LITERAL_CONVERSION = YES;
				CLANG_WARN_OBJC_ROOT_CLASS = YES_ERROR;
				CLANG_WARN_RANGE_LOOP_ANALYSIS = YES;
				CLANG_WARN_STRICT_PROTOTYPES = YES;
				CLANG_WARN_SUSPICIOUS_MOVE = YES;
				CLANG_WARN_UNGUARDED_AVAILABILITY = YES_AGGRESSIVE;
				CLANG_WARN_UNREACHABLE_CODE = YES;
				CLANG_WARN__DUPLICATE_METHOD_MATCH = YES;
				COPY_PHASE_STRIP = NO;
				DEBUG_INFORMATION_FORMAT = dwarf;
				ENABLE_STRICT_OBJC_MSGSEND = YES;
				ENABLE_TESTABILITY = YES;
				GCC_C_LANGUAGE_STANDARD = gnu11;
				GCC_DYNAMIC_NO_PIC = NO;
				GCC_NO_COMMON_BLOCKS = YES;
				GCC_OPTIMIZATION_LEVEL = 0;
				GCC_PREPROCESSOR_DEFINITIONS = (
					"DEBUG=1",
					"$(inherited)",
				);
				GCC_WARN_64_TO_32_BIT_CONVERSION = YES;
				GCC_WARN_ABOUT_RETURN_TYPE = YES_ERROR;
				GCC_WARN_UNDECLARED_SELECTOR = YES;
				GCC_WARN_UNINITIALIZED_AUTOS = YES_AGGRESSIVE;
				GCC_WARN_UNUSED_FUNCTION = YES;
				GCC_WARN_UNUSED_VARIABLE = YES;
				IPHONEOS_DEPLOYMENT_TARGET = 13.4;
				MTL_ENABLE_DEBUG_INFO = INCLUDE_SOURCE;
				MTL_FAST_MATH = YES;
				ONLY_ACTIVE_ARCH = YES;
				SDKROOT = iphoneos;
				SWIFT_ACTIVE_COMPILATION_CONDITIONS = DEBUG;
				SWIFT_OPTIMIZATION_LEVEL = "-Onone";
			};
			name = Debug;
		};
		04B19596242E375800C2965A /* Release */ = {
			isa = XCBuildConfiguration;
			buildSettings = {
				ALWAYS_SEARCH_USER_PATHS = NO;
				CLANG_ANALYZER_NONNULL = YES;
				CLANG_ANALYZER_NUMBER_OBJECT_CONVERSION = YES_AGGRESSIVE;
				CLANG_CXX_LANGUAGE_STANDARD = "gnu++14";
				CLANG_CXX_LIBRARY = "libc++";
				CLANG_ENABLE_MODULES = YES;
				CLANG_ENABLE_OBJC_ARC = YES;
				CLANG_ENABLE_OBJC_WEAK = YES;
				CLANG_WARN_BLOCK_CAPTURE_AUTORELEASING = YES;
				CLANG_WARN_BOOL_CONVERSION = YES;
				CLANG_WARN_COMMA = YES;
				CLANG_WARN_CONSTANT_CONVERSION = YES;
				CLANG_WARN_DEPRECATED_OBJC_IMPLEMENTATIONS = YES;
				CLANG_WARN_DIRECT_OBJC_ISA_USAGE = YES_ERROR;
				CLANG_WARN_DOCUMENTATION_COMMENTS = YES;
				CLANG_WARN_EMPTY_BODY = YES;
				CLANG_WARN_ENUM_CONVERSION = YES;
				CLANG_WARN_INFINITE_RECURSION = YES;
				CLANG_WARN_INT_CONVERSION = YES;
				CLANG_WARN_NON_LITERAL_NULL_CONVERSION = YES;
				CLANG_WARN_OBJC_IMPLICIT_RETAIN_SELF = YES;
				CLANG_WARN_OBJC_LITERAL_CONVERSION = YES;
				CLANG_WARN_OBJC_ROOT_CLASS = YES_ERROR;
				CLANG_WARN_RANGE_LOOP_ANALYSIS = YES;
				CLANG_WARN_STRICT_PROTOTYPES = YES;
				CLANG_WARN_SUSPICIOUS_MOVE = YES;
				CLANG_WARN_UNGUARDED_AVAILABILITY = YES_AGGRESSIVE;
				CLANG_WARN_UNREACHABLE_CODE = YES;
				CLANG_WARN__DUPLICATE_METHOD_MATCH = YES;
				COPY_PHASE_STRIP = NO;
				DEBUG_INFORMATION_FORMAT = "dwarf-with-dsym";
				ENABLE_NS_ASSERTIONS = NO;
				ENABLE_STRICT_OBJC_MSGSEND = YES;
				GCC_C_LANGUAGE_STANDARD = gnu11;
				GCC_NO_COMMON_BLOCKS = YES;
				GCC_WARN_64_TO_32_BIT_CONVERSION = YES;
				GCC_WARN_ABOUT_RETURN_TYPE = YES_ERROR;
				GCC_WARN_UNDECLARED_SELECTOR = YES;
				GCC_WARN_UNINITIALIZED_AUTOS = YES_AGGRESSIVE;
				GCC_WARN_UNUSED_FUNCTION = YES;
				GCC_WARN_UNUSED_VARIABLE = YES;
				IPHONEOS_DEPLOYMENT_TARGET = 13.4;
				MTL_ENABLE_DEBUG_INFO = NO;
				MTL_FAST_MATH = YES;
				SDKROOT = iphoneos;
				SWIFT_COMPILATION_MODE = wholemodule;
				SWIFT_OPTIMIZATION_LEVEL = "-O";
				VALIDATE_PRODUCT = YES;
			};
			name = Release;
		};
		04B19598242E375800C2965A /* Debug */ = {
			isa = XCBuildConfiguration;
			baseConfigurationReference = 5BB038630A07C71B046ED471 /* Pods-Collection View - Git_Hub.debug.xcconfig */;
			buildSettings = {
				ASSETCATALOG_COMPILER_APPICON_NAME = AppIcon;
				CODE_SIGN_STYLE = Automatic;
				DEVELOPMENT_TEAM = 977ZUDX2NY;
				INFOPLIST_FILE = "Collection View - Git_Hub/Info.plist";
				IPHONEOS_DEPLOYMENT_TARGET = 13.0;
				LD_RUNPATH_SEARCH_PATHS = (
					"$(inherited)",
					"@executable_path/Frameworks",
				);
				PRODUCT_BUNDLE_IDENTIFIER = "DND.Collection-View---Git-Hub";
				PRODUCT_NAME = "$(TARGET_NAME)";
				SWIFT_VERSION = 5.0;
				TARGETED_DEVICE_FAMILY = "1,2";
			};
			name = Debug;
		};
		04B19599242E375800C2965A /* Release */ = {
			isa = XCBuildConfiguration;
			baseConfigurationReference = 4F02EE98386E2BA94D5C4556 /* Pods-Collection View - Git_Hub.release.xcconfig */;
			buildSettings = {
				ASSETCATALOG_COMPILER_APPICON_NAME = AppIcon;
				CODE_SIGN_STYLE = Automatic;
				DEVELOPMENT_TEAM = 977ZUDX2NY;
				INFOPLIST_FILE = "Collection View - Git_Hub/Info.plist";
				IPHONEOS_DEPLOYMENT_TARGET = 13.0;
				LD_RUNPATH_SEARCH_PATHS = (
					"$(inherited)",
					"@executable_path/Frameworks",
				);
				PRODUCT_BUNDLE_IDENTIFIER = "DND.Collection-View---Git-Hub";
				PRODUCT_NAME = "$(TARGET_NAME)";
				SWIFT_VERSION = 5.0;
				TARGETED_DEVICE_FAMILY = "1,2";
			};
			name = Release;
		};
/* End XCBuildConfiguration section */

/* Begin XCConfigurationList section */
		04B1957B242E375600C2965A /* Build configuration list for PBXProject "Collection View - Git_Hub" */ = {
			isa = XCConfigurationList;
			buildConfigurations = (
				04B19595242E375800C2965A /* Debug */,
				04B19596242E375800C2965A /* Release */,
			);
			defaultConfigurationIsVisible = 0;
			defaultConfigurationName = Release;
		};
		04B19597242E375800C2965A /* Build configuration list for PBXNativeTarget "Collection View - Git_Hub" */ = {
			isa = XCConfigurationList;
			buildConfigurations = (
				04B19598242E375800C2965A /* Debug */,
				04B19599242E375800C2965A /* Release */,
			);
			defaultConfigurationIsVisible = 0;
			defaultConfigurationName = Release;
		};
/* End XCConfigurationList section */

/* Begin XCVersionGroup section */
		04B1958C242E375700C2965A /* Collection_View___Git_Hub.xcdatamodeld */ = {
			isa = XCVersionGroup;
			children = (
				04B1958D242E375700C2965A /* Collection_View___Git_Hub.xcdatamodel */,
			);
			currentVersion = 04B1958D242E375700C2965A /* Collection_View___Git_Hub.xcdatamodel */;
			path = "Collection_View___Git_Hub.xcdatamodeld";
			sourceTree = "<group>";
			versionGroupType = wrapper.xcdatamodel;
		};
/* End XCVersionGroup section */
	};
	rootObject = 04B19578242E375600C2965A /* Project object */;
}
